
Microsoft Visual Studio Solution File, Format Version 12.00
# Visual Studio 15
VisualStudioVersion = 15.0.27130.2027
MinimumVisualStudioVersion = 10.0.40219.1
Project("{FAE04EC0-301F-11D3-BF4B-00C04F79EFBC}") = "crudaspangularjs", "crudaspangularjs\crudaspangularjs.csproj", "{83AE396E-B31D-4909-8EF4-51CD60739B39}"
EndProject
Global
	GlobalSection(SolutionConfigurationPlatforms) = preSolution
		Debug|Any CPU = Debug|Any CPU
		Release|Any CPU = Release|Any CPU
	EndGlobalSection
	GlobalSection(ProjectConfigurationPlatforms) = postSolution
		{83AE396E-B31D-4909-8EF4-51CD60739B39}.Debug|Any CPU.ActiveCfg = Debug|Any CPU
		{83AE396E-B31D-4909-8EF4-51CD60739B39}.Debug|Any CPU.Build.0 = Debug|Any CPU
		{83AE396E-B31D-4909-8EF4-51CD60739B39}.Release|Any CPU.ActiveCfg = Release|Any CPU
		{83AE396E-B31D-4909-8EF4-51CD60739B39}.Release|Any CPU.Build.0 = Release|Any CPU
	EndGlobalSection
	GlobalSection(SolutionProperties) = preSolution
		HideSolutionNode = FALSE
	EndGlobalSection
	GlobalSection(ExtensibilityGlobals) = postSolution
		SolutionGuid = {DE3CC576-A6B7-400D-B3ED-045F61D552FB}
	EndGlobalSection
EndGlobal
